
Microsoft Visual Studio Solution File, Format Version 12.00
# Visual Studio Version 17
VisualStudioVersion = 17.6.33829.357
MinimumVisualStudioVersion = 10.0.40219.1
Project("{FAE04EC0-301F-11D3-BF4B-00C04F79EFBC}") = "Kwizzez.Api", "Kwizzez.Api\Kwizzez.Api.csproj", "{7A652396-F0DF-4885-876F-7051747592E4}"
EndProject
Project("{FAE04EC0-301F-11D3-BF4B-00C04F79EFBC}") = "Kwizzez.Domain", "Kwizzez.Domain\Kwizzez.Domain.csproj", "{306D80C1-0E38-4900-BF52-164F7C00F773}"
EndProject
Global
	GlobalSection(SolutionConfigurationPlatforms) = preSolution
		Debug|Any CPU = Debug|Any CPU
		Release|Any CPU = Release|Any CPU
	EndGlobalSection
	GlobalSection(ProjectConfigurationPlatforms) = postSolution
		{7A652396-F0DF-4885-876F-7051747592E4}.Debug|Any CPU.ActiveCfg = Debug|Any CPU
		{7A652396-F0DF-4885-876F-7051747592E4}.Debug|Any CPU.Build.0 = Debug|Any CPU
		{7A652396-F0DF-4885-876F-7051747592E4}.Release|Any CPU.ActiveCfg = Release|Any CPU
		{7A652396-F0DF-4885-876F-7051747592E4}.Release|Any CPU.Build.0 = Release|Any CPU
		{306D80C1-0E38-4900-BF52-164F7C00F773}.Debug|Any CPU.ActiveCfg = Debug|Any CPU
		{306D80C1-0E38-4900-BF52-164F7C00F773}.Debug|Any CPU.Build.0 = Debug|Any CPU
		{306D80C1-0E38-4900-BF52-164F7C00F773}.Release|Any CPU.ActiveCfg = Release|Any CPU
		{306D80C1-0E38-4900-BF52-164F7C00F773}.Release|Any CPU.Build.0 = Release|Any CPU
	EndGlobalSection
	GlobalSection(SolutionProperties) = preSolution
		HideSolutionNode = FALSE
	EndGlobalSection
	GlobalSection(ExtensibilityGlobals) = postSolution
		SolutionGuid = {F97D6600-C080-4D49-9FAB-24B52BBE514B}
	EndGlobalSection
EndGlobal
